
Microsoft Visual Studio Solution File, Format Version 12.00
# Visual Studio 15
VisualStudioVersion = 15.0.27428.2005
MinimumVisualStudioVersion = 10.0.40219.1
Project("{FAE04EC0-301F-11D3-BF4B-00C04F79EFBC}") = "MyFirstWebApi", "MyFirstWebApi\MyFirstWebApi.csproj", "{D49C09D6-5516-4341-B9DD-D5F9D0C825EC}"
EndProject
Global
	GlobalSection(SolutionConfigurationPlatforms) = preSolution
		Debug|Any CPU = Debug|Any CPU
		Release|Any CPU = Release|Any CPU
	EndGlobalSection
	GlobalSection(ProjectConfigurationPlatforms) = postSolution
		{D49C09D6-5516-4341-B9DD-D5F9D0C825EC}.Debug|Any CPU.ActiveCfg = Debug|Any CPU
		{D49C09D6-5516-4341-B9DD-D5F9D0C825EC}.Debug|Any CPU.Build.0 = Debug|Any CPU
		{D49C09D6-5516-4341-B9DD-D5F9D0C825EC}.Release|Any CPU.ActiveCfg = Release|Any CPU
		{D49C09D6-5516-4341-B9DD-D5F9D0C825EC}.Release|Any CPU.Build.0 = Release|Any CPU
	EndGlobalSection
	GlobalSection(SolutionProperties) = preSolution
		HideSolutionNode = FALSE
	EndGlobalSection
	GlobalSection(ExtensibilityGlobals) = postSolution
		SolutionGuid = {0EC72CDB-6227-43AB-A67B-DEFF589325AA}
	EndGlobalSection
EndGlobal
